
Microsoft Visual Studio Solution File, Format Version 12.00
# Visual Studio Version 16
VisualStudioVersion = 16.0.32106.194
MinimumVisualStudioVersion = 10.0.40219.1
Project("{F184B08F-C81C-45F6-A57F-5ABD9991F28F}") = "CompoundInterest", "CompoundInterest\CompoundInterest.vbproj", "{C4124C15-38A2-467E-9EAE-9CED18ECFD3D}"
EndProject
Global
	GlobalSection(SolutionConfigurationPlatforms) = preSolution
		Debug|Any CPU = Debug|Any CPU
		Release|Any CPU = Release|Any CPU
	EndGlobalSection
	GlobalSection(ProjectConfigurationPlatforms) = postSolution
		{C4124C15-38A2-467E-9EAE-9CED18ECFD3D}.Debug|Any CPU.ActiveCfg = Debug|Any CPU
		{C4124C15-38A2-467E-9EAE-9CED18ECFD3D}.Debug|Any CPU.Build.0 = Debug|Any CPU
		{C4124C15-38A2-467E-9EAE-9CED18ECFD3D}.Release|Any CPU.ActiveCfg = Release|Any CPU
		{C4124C15-38A2-467E-9EAE-9CED18ECFD3D}.Release|Any CPU.Build.0 = Release|Any CPU
	EndGlobalSection
	GlobalSection(SolutionProperties) = preSolution
		HideSolutionNode = FALSE
	EndGlobalSection
	GlobalSection(ExtensibilityGlobals) = postSolution
		SolutionGuid = {17FD512E-9021-4F43-A5FE-7B5FA69904BD}
	EndGlobalSection
EndGlobal
